
Microsoft Visual Studio Solution File, Format Version 12.00
# Visual Studio Version 17
VisualStudioVersion = 17.10.35122.118
MinimumVisualStudioVersion = 10.0.40219.1
Project("{FAE04EC0-301F-11D3-BF4B-00C04F79EFBC}") = "App_Pokemon", "App_Pokemon\App_Pokemon.csproj", "{88F35D50-145E-432B-ADCA-3E75128274F9}"
EndProject
Project("{FAE04EC0-301F-11D3-BF4B-00C04F79EFBC}") = "Dominio", "Dominio\Dominio.csproj", "{C47EC430-3126-490E-8314-E06B0FE5EE69}"
EndProject
Global
	GlobalSection(SolutionConfigurationPlatforms) = preSolution
		Debug|Any CPU = Debug|Any CPU
		Release|Any CPU = Release|Any CPU
	EndGlobalSection
	GlobalSection(ProjectConfigurationPlatforms) = postSolution
		{88F35D50-145E-432B-ADCA-3E75128274F9}.Debug|Any CPU.ActiveCfg = Debug|Any CPU
		{88F35D50-145E-432B-ADCA-3E75128274F9}.Debug|Any CPU.Build.0 = Debug|Any CPU
		{88F35D50-145E-432B-ADCA-3E75128274F9}.Release|Any CPU.ActiveCfg = Release|Any CPU
		{88F35D50-145E-432B-ADCA-3E75128274F9}.Release|Any CPU.Build.0 = Release|Any CPU
		{C47EC430-3126-490E-8314-E06B0FE5EE69}.Debug|Any CPU.ActiveCfg = Debug|Any CPU
		{C47EC430-3126-490E-8314-E06B0FE5EE69}.Debug|Any CPU.Build.0 = Debug|Any CPU
		{C47EC430-3126-490E-8314-E06B0FE5EE69}.Release|Any CPU.ActiveCfg = Release|Any CPU
		{C47EC430-3126-490E-8314-E06B0FE5EE69}.Release|Any CPU.Build.0 = Release|Any CPU
	EndGlobalSection
	GlobalSection(SolutionProperties) = preSolution
		HideSolutionNode = FALSE
	EndGlobalSection
	GlobalSection(ExtensibilityGlobals) = postSolution
		SolutionGuid = {5EAEDAED-9357-4694-ACFF-0B0BE342CBAE}
	EndGlobalSection
EndGlobal
